
Microsoft Visual Studio Solution File, Format Version 12.00
# Visual Studio Version 17
VisualStudioVersion = 17.12.35527.113 d17.12
MinimumVisualStudioVersion = 10.0.40219.1
Project("{FAE04EC0-301F-11D3-BF4B-00C04F79EFBC}") = "WebApp", "WebApp\WebApp.csproj", "{C576EB3C-B2BA-4342-B6DE-3F17631E826E}"
EndProject
Global
	GlobalSection(SolutionConfigurationPlatforms) = preSolution
		Debug|Any CPU = Debug|Any CPU
		Release|Any CPU = Release|Any CPU
	EndGlobalSection
	GlobalSection(ProjectConfigurationPlatforms) = postSolution
		{C576EB3C-B2BA-4342-B6DE-3F17631E826E}.Debug|Any CPU.ActiveCfg = Debug|Any CPU
		{C576EB3C-B2BA-4342-B6DE-3F17631E826E}.Debug|Any CPU.Build.0 = Debug|Any CPU
		{C576EB3C-B2BA-4342-B6DE-3F17631E826E}.Release|Any CPU.ActiveCfg = Release|Any CPU
		{C576EB3C-B2BA-4342-B6DE-3F17631E826E}.Release|Any CPU.Build.0 = Release|Any CPU
	EndGlobalSection
	GlobalSection(SolutionProperties) = preSolution
		HideSolutionNode = FALSE
	EndGlobalSection
EndGlobal
